
Microsoft Visual Studio Solution File, Format Version 12.00
# Visual Studio 15
VisualStudioVersion = 15.0.28010.2016
MinimumVisualStudioVersion = 10.0.40219.1
Project("{FAE04EC0-301F-11D3-BF4B-00C04F79EFBC}") = "Programming-In-Csharp-70-483", "Programming-In-Csharp-70-483\Programming-In-Csharp-70-483.csproj", "{564DDA6E-06AE-403C-84C3-278B247D227D}"
EndProject
Global
	GlobalSection(SolutionConfigurationPlatforms) = preSolution
		Debug|Any CPU = Debug|Any CPU
		Release|Any CPU = Release|Any CPU
	EndGlobalSection
	GlobalSection(ProjectConfigurationPlatforms) = postSolution
		{564DDA6E-06AE-403C-84C3-278B247D227D}.Debug|Any CPU.ActiveCfg = Debug|Any CPU
		{564DDA6E-06AE-403C-84C3-278B247D227D}.Debug|Any CPU.Build.0 = Debug|Any CPU
		{564DDA6E-06AE-403C-84C3-278B247D227D}.Release|Any CPU.ActiveCfg = Release|Any CPU
		{564DDA6E-06AE-403C-84C3-278B247D227D}.Release|Any CPU.Build.0 = Release|Any CPU
	EndGlobalSection
	GlobalSection(SolutionProperties) = preSolution
		HideSolutionNode = FALSE
	EndGlobalSection
	GlobalSection(ExtensibilityGlobals) = postSolution
		SolutionGuid = {D9B2131B-0397-4A92-9961-97C28E4063BD}
	EndGlobalSection
EndGlobal
